
Microsoft Visual Studio Solution File, Format Version 12.00
# Visual Studio 15
VisualStudioVersion = 15.0.28307.1145
MinimumVisualStudioVersion = 10.0.40219.1
Project("{FAE04EC0-301F-11D3-BF4B-00C04F79EFBC}") = "Sistema_clinica", "Sistema_clinica\Sistema_clinica.csproj", "{73E59637-5E3E-46D5-B53E-4F0CB21BC1A9}"
EndProject
Global
	GlobalSection(SolutionConfigurationPlatforms) = preSolution
		Debug|Any CPU = Debug|Any CPU
		Release|Any CPU = Release|Any CPU
	EndGlobalSection
	GlobalSection(ProjectConfigurationPlatforms) = postSolution
		{73E59637-5E3E-46D5-B53E-4F0CB21BC1A9}.Debug|Any CPU.ActiveCfg = Debug|Any CPU
		{73E59637-5E3E-46D5-B53E-4F0CB21BC1A9}.Debug|Any CPU.Build.0 = Debug|Any CPU
		{73E59637-5E3E-46D5-B53E-4F0CB21BC1A9}.Release|Any CPU.ActiveCfg = Release|Any CPU
		{73E59637-5E3E-46D5-B53E-4F0CB21BC1A9}.Release|Any CPU.Build.0 = Release|Any CPU
	EndGlobalSection
	GlobalSection(SolutionProperties) = preSolution
		HideSolutionNode = FALSE
	EndGlobalSection
	GlobalSection(ExtensibilityGlobals) = postSolution
		SolutionGuid = {F22B85B8-C87D-48D2-B919-41A125CE1C92}
	EndGlobalSection
EndGlobal
